
Microsoft Visual Studio Solution File, Format Version 12.00
# Visual Studio Version 17
VisualStudioVersion = 17.14.36105.17 d17.14
MinimumVisualStudioVersion = 10.0.40219.1
Project("{FAE04EC0-301F-11D3-BF4B-00C04F79EFBC}") = "WinAppArchivosGrupo1", "WinAppArchivosGrupo1.csproj", "{C4C01C7C-D38E-4ABC-8512-3F720D08F8B6}"
EndProject
Global
	GlobalSection(SolutionConfigurationPlatforms) = preSolution
		Debug|Any CPU = Debug|Any CPU
		Release|Any CPU = Release|Any CPU
	EndGlobalSection
	GlobalSection(ProjectConfigurationPlatforms) = postSolution
		{C4C01C7C-D38E-4ABC-8512-3F720D08F8B6}.Debug|Any CPU.ActiveCfg = Debug|Any CPU
		{C4C01C7C-D38E-4ABC-8512-3F720D08F8B6}.Debug|Any CPU.Build.0 = Debug|Any CPU
		{C4C01C7C-D38E-4ABC-8512-3F720D08F8B6}.Release|Any CPU.ActiveCfg = Release|Any CPU
		{C4C01C7C-D38E-4ABC-8512-3F720D08F8B6}.Release|Any CPU.Build.0 = Release|Any CPU
	EndGlobalSection
	GlobalSection(SolutionProperties) = preSolution
		HideSolutionNode = FALSE
	EndGlobalSection
	GlobalSection(ExtensibilityGlobals) = postSolution
		SolutionGuid = {85D87C17-5B54-4629-961E-05F194EBCD88}
	EndGlobalSection
EndGlobal
